
Microsoft Visual Studio Solution File, Format Version 12.00
# Visual Studio Version 16
VisualStudioVersion = 16.0.31005.135
MinimumVisualStudioVersion = 10.0.40219.1
Project("{FAE04EC0-301F-11D3-BF4B-00C04F79EFBC}") = "OrdinamentoStipendi", "OrdinamentoStipendi\OrdinamentoStipendi.csproj", "{8E14D0EB-6774-45D6-8A63-96AB6DFF9B42}"
EndProject
Project("{FAE04EC0-301F-11D3-BF4B-00C04F79EFBC}") = "Operazioni", "Operazioni\Operazioni.csproj", "{318107B4-143C-4F89-8B06-5120B2A2B352}"
EndProject
Global
	GlobalSection(SolutionConfigurationPlatforms) = preSolution
		Debug|Any CPU = Debug|Any CPU
		Release|Any CPU = Release|Any CPU
	EndGlobalSection
	GlobalSection(ProjectConfigurationPlatforms) = postSolution
		{8E14D0EB-6774-45D6-8A63-96AB6DFF9B42}.Debug|Any CPU.ActiveCfg = Debug|Any CPU
		{8E14D0EB-6774-45D6-8A63-96AB6DFF9B42}.Debug|Any CPU.Build.0 = Debug|Any CPU
		{8E14D0EB-6774-45D6-8A63-96AB6DFF9B42}.Release|Any CPU.ActiveCfg = Release|Any CPU
		{8E14D0EB-6774-45D6-8A63-96AB6DFF9B42}.Release|Any CPU.Build.0 = Release|Any CPU
		{318107B4-143C-4F89-8B06-5120B2A2B352}.Debug|Any CPU.ActiveCfg = Debug|Any CPU
		{318107B4-143C-4F89-8B06-5120B2A2B352}.Debug|Any CPU.Build.0 = Debug|Any CPU
		{318107B4-143C-4F89-8B06-5120B2A2B352}.Release|Any CPU.ActiveCfg = Release|Any CPU
		{318107B4-143C-4F89-8B06-5120B2A2B352}.Release|Any CPU.Build.0 = Release|Any CPU
	EndGlobalSection
	GlobalSection(SolutionProperties) = preSolution
		HideSolutionNode = FALSE
	EndGlobalSection
	GlobalSection(ExtensibilityGlobals) = postSolution
		SolutionGuid = {090ECB67-FF50-43F3-9CB8-504774B232F8}
	EndGlobalSection
EndGlobal
